
Microsoft Visual Studio Solution File, Format Version 12.00
# Visual Studio 14
VisualStudioVersion = 14.0.25420.1
MinimumVisualStudioVersion = 10.0.40219.1
Project("{E24C65DC-7377-472B-9ABA-BC803B73C61A}") = "Website", "Website\", "{9F7204EA-DA6F-4533-87C0-6FA717D6E1BC}"
	ProjectSection(WebsiteProperties) = preProject
		TargetFrameworkMoniker = ".NETFramework,Version%3Dv4.5.2"
		ProjectReferences = "{e082aed0-3853-4d35-92b0-23b42ca3e95f}|NorthwindEntities.dll;{43c58e05-73a9-4df9-acb8-b896ded82d90}|NorthwindSystem.dll;"
		Debug.AspNetCompiler.VirtualPath = "/localhost_2514"
		Debug.AspNetCompiler.PhysicalPath = "Website\"
		Debug.AspNetCompiler.TargetPath = "PrecompiledWeb\localhost_2514\"
		Debug.AspNetCompiler.Updateable = "true"
		Debug.AspNetCompiler.ForceOverwrite = "true"
		Debug.AspNetCompiler.FixedNames = "false"
		Debug.AspNetCompiler.Debug = "True"
		Release.AspNetCompiler.VirtualPath = "/localhost_2514"
		Release.AspNetCompiler.PhysicalPath = "Website\"
		Release.AspNetCompiler.TargetPath = "PrecompiledWeb\localhost_2514\"
		Release.AspNetCompiler.Updateable = "true"
		Release.AspNetCompiler.ForceOverwrite = "true"
		Release.AspNetCompiler.FixedNames = "false"
		Release.AspNetCompiler.Debug = "False"
		VWDPort = "2514"
		DefaultWebSiteLanguage = "Visual C#"
	EndProjectSection
EndProject
Project("{FAE04EC0-301F-11D3-BF4B-00C04F79EFBC}") = "NorthwindSystem", "NorthwindSystem\NorthwindSystem.csproj", "{43C58E05-73A9-4DF9-ACB8-B896DED82D90}"
EndProject
Project("{FAE04EC0-301F-11D3-BF4B-00C04F79EFBC}") = "NorthwindEntities", "NorthwindEntities\NorthwindEntities.csproj", "{E082AED0-3853-4D35-92B0-23B42CA3E95F}"
EndProject
Global
	GlobalSection(SolutionConfigurationPlatforms) = preSolution
		Debug|Any CPU = Debug|Any CPU
		Release|Any CPU = Release|Any CPU
	EndGlobalSection
	GlobalSection(ProjectConfigurationPlatforms) = postSolution
		{9F7204EA-DA6F-4533-87C0-6FA717D6E1BC}.Debug|Any CPU.ActiveCfg = Debug|Any CPU
		{9F7204EA-DA6F-4533-87C0-6FA717D6E1BC}.Debug|Any CPU.Build.0 = Debug|Any CPU
		{9F7204EA-DA6F-4533-87C0-6FA717D6E1BC}.Release|Any CPU.ActiveCfg = Debug|Any CPU
		{9F7204EA-DA6F-4533-87C0-6FA717D6E1BC}.Release|Any CPU.Build.0 = Debug|Any CPU
		{43C58E05-73A9-4DF9-ACB8-B896DED82D90}.Debug|Any CPU.ActiveCfg = Debug|Any CPU
		{43C58E05-73A9-4DF9-ACB8-B896DED82D90}.Debug|Any CPU.Build.0 = Debug|Any CPU
		{43C58E05-73A9-4DF9-ACB8-B896DED82D90}.Release|Any CPU.ActiveCfg = Release|Any CPU
		{43C58E05-73A9-4DF9-ACB8-B896DED82D90}.Release|Any CPU.Build.0 = Release|Any CPU
		{E082AED0-3853-4D35-92B0-23B42CA3E95F}.Debug|Any CPU.ActiveCfg = Debug|Any CPU
		{E082AED0-3853-4D35-92B0-23B42CA3E95F}.Debug|Any CPU.Build.0 = Debug|Any CPU
		{E082AED0-3853-4D35-92B0-23B42CA3E95F}.Release|Any CPU.ActiveCfg = Release|Any CPU
		{E082AED0-3853-4D35-92B0-23B42CA3E95F}.Release|Any CPU.Build.0 = Release|Any CPU
	EndGlobalSection
	GlobalSection(SolutionProperties) = preSolution
		HideSolutionNode = FALSE
	EndGlobalSection
EndGlobal
